
Microsoft Visual Studio Solution File, Format Version 12.00
# Visual Studio 14
VisualStudioVersion = 14.0.25123.0
MinimumVisualStudioVersion = 10.0.40219.1
Project("{FAE04EC0-301F-11D3-BF4B-00C04F79EFBC}") = "Anime Downloader", "Anime Downloader\Anime Downloader.csproj", "{0B58C005-C460-4045-8BD3-BDA2AA253B74}"
EndProject
Global
	GlobalSection(SolutionConfigurationPlatforms) = preSolution
		Debug|Any CPU = Debug|Any CPU
		Release|Any CPU = Release|Any CPU
	EndGlobalSection
	GlobalSection(ProjectConfigurationPlatforms) = postSolution
		{0B58C005-C460-4045-8BD3-BDA2AA253B74}.Debug|Any CPU.ActiveCfg = Debug|Any CPU
		{0B58C005-C460-4045-8BD3-BDA2AA253B74}.Debug|Any CPU.Build.0 = Debug|Any CPU
		{0B58C005-C460-4045-8BD3-BDA2AA253B74}.Release|Any CPU.ActiveCfg = Release|Any CPU
		{0B58C005-C460-4045-8BD3-BDA2AA253B74}.Release|Any CPU.Build.0 = Release|Any CPU
	EndGlobalSection
	GlobalSection(SolutionProperties) = preSolution
		HideSolutionNode = FALSE
	EndGlobalSection
EndGlobal
